{
  "requires": true,
  "lockfileVersion": 1,
  "dependencies": {
    "@aws-cdk/aws-elasticloadbalancingv2": {
      "version": "1.45.0",
      "resolved": "https://registry.npmjs.org/@aws-cdk/aws-elasticloadbalancingv2/-/aws-elasticloadbalancingv2-1.45.0.tgz",
      "integrity": "sha512-jAh7baa0c+oYvXhZMnCsrgis7tKAOBTOJReiFnYyDjY2Ol5l6mxz4jDQKCoV7gnW79fX3kWGmGmIIu0pHr5XXA==",
      "requires": {
        "@aws-cdk/aws-certificatemanager": "1.45.0",
        "@aws-cdk/aws-cloudwatch": "1.45.0",
        "@aws-cdk/aws-ec2": "1.45.0",
        "@aws-cdk/aws-iam": "1.45.0",
        "@aws-cdk/aws-lambda": "1.45.0",
        "@aws-cdk/aws-s3": "1.45.0",
        "@aws-cdk/core": "1.45.0",
        "constructs": "^3.0.2"
      },
      "dependencies": {
        "@aws-cdk/assets": {
          "version": "1.45.0",
          "resolved": "https://registry.npmjs.org/@aws-cdk/assets/-/assets-1.45.0.tgz",
          "integrity": "sha512-VcW90IszJGd95RascHmFzcBGVfuMTuVIq1qiP0tHwX35xdxQydeZC5lT5No1bnTW9zATgrzbYAP9WAASkeMQ6A==",
          "requires": {
            "@aws-cdk/core": "1.45.0",
            "@aws-cdk/cx-api": "1.45.0",
            "constructs": "^3.0.2"
          }
        },
        "@aws-cdk/aws-certificatemanager": {
          "version": "1.45.0",
          "resolved": "https://registry.npmjs.org/@aws-cdk/aws-certificatemanager/-/aws-certificatemanager-1.45.0.tgz",
          "integrity": "sha512-30UHxkB3bQ+wBeNbf+bPdvxr9S89eKqz5ojMDkOY+MbXW040vQ7w1c12ed6C8dajVzxv9KO3FBbciROA3KsEWA==",
          "requires": {
            "@aws-cdk/aws-iam": "1.45.0",
            "@aws-cdk/aws-lambda": "1.45.0",
            "@aws-cdk/aws-route53": "1.45.0",
            "@aws-cdk/core": "1.45.0",
            "constructs": "^3.0.2"
          }
        },
        "@aws-cdk/aws-cloudwatch": {
          "version": "1.45.0",
          "resolved": "https://registry.npmjs.org/@aws-cdk/aws-cloudwatch/-/aws-cloudwatch-1.45.0.tgz",
          "integrity": "sha512-muV1hRUG2WDYiNNsVjrf8shq9+PYDmkNU/CZzMu2tNE7fzAbMO4s7dQjVxooJy3r0PvxmeOu/OSJGOtHu71PWw==",
          "requires": {
            "@aws-cdk/aws-iam": "1.45.0",
            "@aws-cdk/core": "1.45.0",
            "constructs": "^3.0.2"
          }
        },
        "@aws-cdk/aws-ec2": {
          "version": "1.45.0",
          "resolved": "https://registry.npmjs.org/@aws-cdk/aws-ec2/-/aws-ec2-1.45.0.tgz",
          "integrity": "sha512-QOMQ4RwFhN+OADY+W36fCs719dSS5AWWg2KZpnJlIuhjTz9eRgzGrwh17BzqtLs/C7RLP7hYS1Jijqk/Tx4sfA==",
          "requires": {
            "@aws-cdk/aws-cloudwatch": "1.45.0",
            "@aws-cdk/aws-iam": "1.45.0",
            "@aws-cdk/aws-logs": "1.45.0",
            "@aws-cdk/aws-s3": "1.45.0",
            "@aws-cdk/aws-ssm": "1.45.0",
            "@aws-cdk/cloud-assembly-schema": "1.45.0",
            "@aws-cdk/core": "1.45.0",
            "@aws-cdk/cx-api": "1.45.0",
            "@aws-cdk/region-info": "1.45.0",
            "constructs": "^3.0.2"
          }
        },
        "@aws-cdk/aws-events": {
          "version": "1.45.0",
          "resolved": "https://registry.npmjs.org/@aws-cdk/aws-events/-/aws-events-1.45.0.tgz",
          "integrity": "sha512-OexoSgVmqQw23rd/ULZ0lGVqYm69Rx15vsV7UXBg3T5uPmonZKoIdfufqzUG1LU0YiuAIlpmJEgrvqkkllDcqw==",
          "requires": {
            "@aws-cdk/aws-iam": "1.45.0",
            "@aws-cdk/core": "1.45.0",
            "constructs": "^3.0.2"
          }
        },
        "@aws-cdk/aws-iam": {
          "version": "1.45.0",
          "resolved": "https://registry.npmjs.org/@aws-cdk/aws-iam/-/aws-iam-1.45.0.tgz",
          "integrity": "sha512-Ngdl2x9YxRQ2zRzWW+Y7Xu/iEVKeMc3MXYGKuWijw7VDBae6rp4r51pch9Gli+ONpCpZL1+Jw8lsPo5VNJuBLQ==",
          "requires": {
            "@aws-cdk/core": "1.45.0",
            "@aws-cdk/region-info": "1.45.0",
            "constructs": "^3.0.2"
          }
        },
        "@aws-cdk/aws-kms": {
          "version": "1.45.0",
          "resolved": "https://registry.npmjs.org/@aws-cdk/aws-kms/-/aws-kms-1.45.0.tgz",
          "integrity": "sha512-WPR0CkKtAU6szhWUTuu+LUmElDDbOqTbHNF+wgk1W6rq1wxHfyn3kW7AM4Dv/fF6VRRotryyDqsbANIqYnkTtA==",
          "requires": {
            "@aws-cdk/aws-iam": "1.45.0",
            "@aws-cdk/core": "1.45.0",
            "constructs": "^3.0.2"
          }
        },
        "@aws-cdk/aws-lambda": {
          "version": "1.45.0",
          "resolved": "https://registry.npmjs.org/@aws-cdk/aws-lambda/-/aws-lambda-1.45.0.tgz",
          "integrity": "sha512-rXqxc8rac3UhZbJ101KvKbZ2JWsjaOYewFXO876rTdckCgq4A2DpH4qFmgFj0Ev/aoi3821m8F9WdY5vEinh8Q==",
          "requires": {
            "@aws-cdk/aws-cloudwatch": "1.45.0",
            "@aws-cdk/aws-ec2": "1.45.0",
            "@aws-cdk/aws-events": "1.45.0",
            "@aws-cdk/aws-iam": "1.45.0",
            "@aws-cdk/aws-logs": "1.45.0",
            "@aws-cdk/aws-s3": "1.45.0",
            "@aws-cdk/aws-s3-assets": "1.45.0",
            "@aws-cdk/aws-sqs": "1.45.0",
            "@aws-cdk/core": "1.45.0",
            "@aws-cdk/cx-api": "1.45.0",
            "constructs": "^3.0.2"
          }
        },
        "@aws-cdk/aws-logs": {
          "version": "1.45.0",
          "resolved": "https://registry.npmjs.org/@aws-cdk/aws-logs/-/aws-logs-1.45.0.tgz",
          "integrity": "sha512-zktaysJXripb0sgbJXlRH9cdZdTCoRZbQU5raKMFKq+w+fr7Tpor0aslNKXVLEppoX6udbqLAevdSk63IkIFSw==",
          "requires": {
            "@aws-cdk/aws-cloudwatch": "1.45.0",
            "@aws-cdk/aws-iam": "1.45.0",
            "@aws-cdk/core": "1.45.0",
            "constructs": "^3.0.2"
          }
        },
        "@aws-cdk/aws-route53": {
          "version": "1.45.0",
          "resolved": "https://registry.npmjs.org/@aws-cdk/aws-route53/-/aws-route53-1.45.0.tgz",
          "integrity": "sha512-XUxg0LvPXz/a13aCkc8RBDmsOwYp2XZ+bPOKNDENoni0Sw+2DqPdk1FOqgf3diF/hJxtw+ck3h8tcIgcNoe7nw==",
          "requires": {
            "@aws-cdk/aws-ec2": "1.45.0",
            "@aws-cdk/aws-logs": "1.45.0",
            "@aws-cdk/cloud-assembly-schema": "1.45.0",
            "@aws-cdk/core": "1.45.0",
            "constructs": "^3.0.2"
          }
        },
        "@aws-cdk/aws-s3": {
          "version": "1.45.0",
          "resolved": "https://registry.npmjs.org/@aws-cdk/aws-s3/-/aws-s3-1.45.0.tgz",
          "integrity": "sha512-8FIt83/Jy08fG/ygtUVRYj0m3xrc6PUKndcLW4ysf+HL+tb7OX0AMPTx3jRKLJwS6VoWGXc0zcKMBrNWUSsglA==",
          "requires": {
            "@aws-cdk/aws-events": "1.45.0",
            "@aws-cdk/aws-iam": "1.45.0",
            "@aws-cdk/aws-kms": "1.45.0",
            "@aws-cdk/core": "1.45.0",
            "constructs": "^3.0.2"
          }
        },
        "@aws-cdk/aws-s3-assets": {
          "version": "1.45.0",
          "resolved": "https://registry.npmjs.org/@aws-cdk/aws-s3-assets/-/aws-s3-assets-1.45.0.tgz",
          "integrity": "sha512-ld3c7MSd0M1nofPLclRjm0oGtU136VFOuUK4KYQ75j7Nomg1Xjt9MKdqhJODhAC4Xmg4+8eiac1TC1w8aljTGg==",
          "requires": {
            "@aws-cdk/assets": "1.45.0",
            "@aws-cdk/aws-iam": "1.45.0",
            "@aws-cdk/aws-s3": "1.45.0",
            "@aws-cdk/core": "1.45.0",
            "@aws-cdk/cx-api": "1.45.0",
            "constructs": "^3.0.2"
          }
        },
        "@aws-cdk/aws-sqs": {
          "version": "1.45.0",
          "resolved": "https://registry.npmjs.org/@aws-cdk/aws-sqs/-/aws-sqs-1.45.0.tgz",
          "integrity": "sha512-klMLsG+aZzUibcmKTAmOgzKnEdIderrEsmvgLW15bnNrtBeCI5xbHQ/sISlPLL1wvp0YZ8kunDndP8JjQnQXBA==",
          "requires": {
            "@aws-cdk/aws-cloudwatch": "1.45.0",
            "@aws-cdk/aws-iam": "1.45.0",
            "@aws-cdk/aws-kms": "1.45.0",
            "@aws-cdk/core": "1.45.0",
            "constructs": "^3.0.2"
          }
        },
        "@aws-cdk/aws-ssm": {
          "version": "1.45.0",
          "resolved": "https://registry.npmjs.org/@aws-cdk/aws-ssm/-/aws-ssm-1.45.0.tgz",
          "integrity": "sha512-MqHvPATnpz8XpG/s0Q9SZQJP0Jji03ZeYvfqJO6PsuqTNLNJCMAWP5tJy2t/CxqxSFBI9JlAquj2+0Gyqwqgbg==",
          "requires": {
            "@aws-cdk/aws-iam": "1.45.0",
            "@aws-cdk/aws-kms": "1.45.0",
            "@aws-cdk/cloud-assembly-schema": "1.45.0",
            "@aws-cdk/core": "1.45.0",
            "constructs": "^3.0.2"
          }
        },
        "@aws-cdk/cdk-assets-schema": {
          "version": "1.45.0",
          "resolved": "https://registry.npmjs.org/@aws-cdk/cdk-assets-schema/-/cdk-assets-schema-1.45.0.tgz",
          "integrity": "sha512-HvS9IN0RTIwJvldOLj/0FsWSj1h3jqeT9sfNdAW0g7FeFSPu3QtdYeDcSGrOo/4fPXsRFV4bcMqoEEph3x9MgQ==",
          "requires": {
            "semver": "^7.2.2"
          },
          "dependencies": {
            "semver": {
              "version": "7.3.2",
              "bundled": true
            }
          }
        },
        "@aws-cdk/cloud-assembly-schema": {
          "version": "1.45.0",
          "resolved": "https://registry.npmjs.org/@aws-cdk/cloud-assembly-schema/-/cloud-assembly-schema-1.45.0.tgz",
          "integrity": "sha512-MoQ8580BJYDKzWHNPbn/WiB82A1JdZJXkZ/W0mwR6mi37DOJ6jbycyhGXA9aARw5iNIxqTEAXqGifrUI1ILG+w==",
          "requires": {
            "jsonschema": "^1.2.5",
            "semver": "^7.2.2"
          },
          "dependencies": {
            "jsonschema": {
              "version": "1.2.6",
              "bundled": true
            },
            "semver": {
              "version": "7.3.2",
              "bundled": true
            }
          }
        },
        "@aws-cdk/core": {
          "version": "1.45.0",
          "resolved": "https://registry.npmjs.org/@aws-cdk/core/-/core-1.45.0.tgz",
          "integrity": "sha512-XsUlW5OJi/gRfPbRQp/ps8uqUX6a8KIKXFHbl8sYVoiUWRYOwZq58ffO5EhGL841vZb21xRbgysSfURbWLSlUA==",
          "requires": {
            "@aws-cdk/cdk-assets-schema": "1.45.0",
            "@aws-cdk/cloud-assembly-schema": "1.45.0",
            "@aws-cdk/cx-api": "1.45.0",
            "constructs": "^3.0.2",
            "minimatch": "^3.0.4"
          },
          "dependencies": {
            "balanced-match": {
              "version": "1.0.0",
              "bundled": true
            },
            "brace-expansion": {
              "version": "1.1.11",
              "bundled": true,
              "requires": {
                "balanced-match": "^1.0.0",
                "concat-map": "0.0.1"
              }
            },
            "concat-map": {
              "version": "0.0.1",
              "bundled": true
            },
            "minimatch": {
              "version": "3.0.4",
              "bundled": true,
              "requires": {
                "brace-expansion": "^1.1.7"
              }
            }
          }
        },
        "@aws-cdk/cx-api": {
          "version": "1.45.0",
          "resolved": "https://registry.npmjs.org/@aws-cdk/cx-api/-/cx-api-1.45.0.tgz",
          "integrity": "sha512-OQnG2tdnmX4D3LXDchNlzFjj7PhsLte6W/X0lOWhY3ysFZfMhOheB32oTRYLHyYBuRUTFGtOB1TmdT6N4MVQnA==",
          "requires": {
            "@aws-cdk/cloud-assembly-schema": "1.45.0",
            "semver": "^7.2.2"
          },
          "dependencies": {
            "semver": {
              "version": "7.3.2",
              "bundled": true
            }
          }
        },
        "@aws-cdk/region-info": {
          "version": "1.45.0",
          "resolved": "https://registry.npmjs.org/@aws-cdk/region-info/-/region-info-1.45.0.tgz",
          "integrity": "sha512-kCI8od1ELYL06cEcyD13XH1fc0E5+j8JSpJAjcLriFqk+Vk7VUSsfogo1diqnyrrcApbMRvJMKSvFSmWfzYVCg=="
        },
        "constructs": {
          "version": "3.0.3",
          "resolved": "https://registry.npmjs.org/constructs/-/constructs-3.0.3.tgz",
          "integrity": "sha512-JrYLpTlz92Un1jxkwoGiOiGoDjzIWtxo64sLC5FD4mQN1H9mAqZNvgxWYWaJIiWUXNkl5L5sO3GFf6peTj7UMQ=="
        }
      }
    },
    "fs": {
      "version": "0.0.1-security",
      "resolved": "https://registry.npmjs.org/fs/-/fs-0.0.1-security.tgz",
      "integrity": "sha1-invTcYa23d84E/I4WLV+yq9eQdQ="
    }
  }
}
